
Microsoft Visual Studio Solution File, Format Version 12.00
# Visual Studio Version 17
VisualStudioVersion = 17.0.31903.59
MinimumVisualStudioVersion = 10.0.40219.1
Project("{2150E333-8FDC-42A3-9474-1A3956D46DE8}") = "src", "src", "{827E0CD3-B72D-47B6-A68D-7590B98EB39B}"
EndProject
Project("{FAE04EC0-301F-11D3-BF4B-00C04F79EFBC}") = "NetWatch.Domain", "src\NetWatch.Domain\NetWatch.Domain.csproj", "{CE14126F-F36C-43A8-A2CD-87C3C7E6E975}"
EndProject
Project("{FAE04EC0-301F-11D3-BF4B-00C04F79EFBC}") = "NetWatch.Application", "src\NetWatch.Application\NetWatch.Application.csproj", "{DF5ACD47-0646-4A38-A841-DA1E28350B50}"
EndProject
Project("{FAE04EC0-301F-11D3-BF4B-00C04F79EFBC}") = "NetWatch.Infrastructure", "src\NetWatch.Infrastructure\NetWatch.Infrastructure.csproj", "{708FFA09-B8D8-438E-A9C1-B8F2CD844D76}"
EndProject
Project("{FAE04EC0-301F-11D3-BF4B-00C04F79EFBC}") = "NetWatch.Api", "src\NetWatch.Api\NetWatch.Api.csproj", "{D0C731A0-6E78-4207-9ADD-1BF3719B5BBB}"
EndProject
Project("{FAE04EC0-301F-11D3-BF4B-00C04F79EFBC}") = "NetWatch.UnitTests", "tests\NetWatch.UnitTests\NetWatch.UnitTests.csproj", "{08B2D5A0-3563-452B-9FC4-DEDFB4FBAAF0}"
EndProject
Project("{FAE04EC0-301F-11D3-BF4B-00C04F79EFBC}") = "NetWatch.Migrations.Sqlite", "src\NetWatch.Migrations.Sqlite\NetWatch.Migrations.Sqlite.csproj", "{2D24EC71-ED83-4023-AE22-33D315FFF334}"
EndProject
Project("{FAE04EC0-301F-11D3-BF4B-00C04F79EFBC}") = "NetWatch.Migrations.SqlServer", "src\NetWatch.Migrations.SqlServer\NetWatch.Migrations.SqlServer.csproj", "{533C8586-270F-47EE-BE8E-A6FB371BBE6B}"
EndProject
Global
	GlobalSection(SolutionConfigurationPlatforms) = preSolution
		Debug|Any CPU = Debug|Any CPU
		Debug|x64 = Debug|x64
		Debug|x86 = Debug|x86
		Release|Any CPU = Release|Any CPU
		Release|x64 = Release|x64
		Release|x86 = Release|x86
	EndGlobalSection
	GlobalSection(ProjectConfigurationPlatforms) = postSolution
		{CE14126F-F36C-43A8-A2CD-87C3C7E6E975}.Debug|Any CPU.ActiveCfg = Debug|Any CPU
		{CE14126F-F36C-43A8-A2CD-87C3C7E6E975}.Debug|Any CPU.Build.0 = Debug|Any CPU
		{CE14126F-F36C-43A8-A2CD-87C3C7E6E975}.Debug|x64.ActiveCfg = Debug|Any CPU
		{CE14126F-F36C-43A8-A2CD-87C3C7E6E975}.Debug|x64.Build.0 = Debug|Any CPU
		{CE14126F-F36C-43A8-A2CD-87C3C7E6E975}.Debug|x86.ActiveCfg = Debug|Any CPU
		{CE14126F-F36C-43A8-A2CD-87C3C7E6E975}.Debug|x86.Build.0 = Debug|Any CPU
		{CE14126F-F36C-43A8-A2CD-87C3C7E6E975}.Release|Any CPU.ActiveCfg = Release|Any CPU
		{CE14126F-F36C-43A8-A2CD-87C3C7E6E975}.Release|Any CPU.Build.0 = Release|Any CPU
		{CE14126F-F36C-43A8-A2CD-87C3C7E6E975}.Release|x64.ActiveCfg = Release|Any CPU
		{CE14126F-F36C-43A8-A2CD-87C3C7E6E975}.Release|x64.Build.0 = Release|Any CPU
		{CE14126F-F36C-43A8-A2CD-87C3C7E6E975}.Release|x86.ActiveCfg = Release|Any CPU
		{CE14126F-F36C-43A8-A2CD-87C3C7E6E975}.Release|x86.Build.0 = Release|Any CPU
		{DF5ACD47-0646-4A38-A841-DA1E28350B50}.Debug|Any CPU.ActiveCfg = Debug|Any CPU
		{DF5ACD47-0646-4A38-A841-DA1E28350B50}.Debug|Any CPU.Build.0 = Debug|Any CPU
		{DF5ACD47-0646-4A38-A841-DA1E28350B50}.Debug|x64.ActiveCfg = Debug|Any CPU
		{DF5ACD47-0646-4A38-A841-DA1E28350B50}.Debug|x64.Build.0 = Debug|Any CPU
		{DF5ACD47-0646-4A38-A841-DA1E28350B50}.Debug|x86.ActiveCfg = Debug|Any CPU
		{DF5ACD47-0646-4A38-A841-DA1E28350B50}.Debug|x86.Build.0 = Debug|Any CPU
		{DF5ACD47-0646-4A38-A841-DA1E28350B50}.Release|Any CPU.ActiveCfg = Release|Any CPU
		{DF5ACD47-0646-4A38-A841-DA1E28350B50}.Release|Any CPU.Build.0 = Release|Any CPU
		{DF5ACD47-0646-4A38-A841-DA1E28350B50}.Release|x64.ActiveCfg = Release|Any CPU
		{DF5ACD47-0646-4A38-A841-DA1E28350B50}.Release|x64.Build.0 = Release|Any CPU
		{DF5ACD47-0646-4A38-A841-DA1E28350B50}.Release|x86.ActiveCfg = Release|Any CPU
		{DF5ACD47-0646-4A38-A841-DA1E28350B50}.Release|x86.Build.0 = Release|Any CPU
		{708FFA09-B8D8-438E-A9C1-B8F2CD844D76}.Debug|Any CPU.ActiveCfg = Debug|Any CPU
		{708FFA09-B8D8-438E-A9C1-B8F2CD844D76}.Debug|Any CPU.Build.0 = Debug|Any CPU
		{708FFA09-B8D8-438E-A9C1-B8F2CD844D76}.Debug|x64.ActiveCfg = Debug|Any CPU
		{708FFA09-B8D8-438E-A9C1-B8F2CD844D76}.Debug|x64.Build.0 = Debug|Any CPU
		{708FFA09-B8D8-438E-A9C1-B8F2CD844D76}.Debug|x86.ActiveCfg = Debug|Any CPU
		{708FFA09-B8D8-438E-A9C1-B8F2CD844D76}.Debug|x86.Build.0 = Debug|Any CPU
		{708FFA09-B8D8-438E-A9C1-B8F2CD844D76}.Release|Any CPU.ActiveCfg = Release|Any CPU
		{708FFA09-B8D8-438E-A9C1-B8F2CD844D76}.Release|Any CPU.Build.0 = Release|Any CPU
		{708FFA09-B8D8-438E-A9C1-B8F2CD844D76}.Release|x64.ActiveCfg = Release|Any CPU
		{708FFA09-B8D8-438E-A9C1-B8F2CD844D76}.Release|x64.Build.0 = Release|Any CPU
		{708FFA09-B8D8-438E-A9C1-B8F2CD844D76}.Release|x86.ActiveCfg = Release|Any CPU
		{708FFA09-B8D8-438E-A9C1-B8F2CD844D76}.Release|x86.Build.0 = Release|Any CPU
		{D0C731A0-6E78-4207-9ADD-1BF3719B5BBB}.Debug|Any CPU.ActiveCfg = Debug|Any CPU
		{D0C731A0-6E78-4207-9ADD-1BF3719B5BBB}.Debug|Any CPU.Build.0 = Debug|Any CPU
		{D0C731A0-6E78-4207-9ADD-1BF3719B5BBB}.Debug|x64.ActiveCfg = Debug|Any CPU
		{D0C731A0-6E78-4207-9ADD-1BF3719B5BBB}.Debug|x64.Build.0 = Debug|Any CPU
		{D0C731A0-6E78-4207-9ADD-1BF3719B5BBB}.Debug|x86.ActiveCfg = Debug|Any CPU
		{D0C731A0-6E78-4207-9ADD-1BF3719B5BBB}.Debug|x86.Build.0 = Debug|Any CPU
		{D0C731A0-6E78-4207-9ADD-1BF3719B5BBB}.Release|Any CPU.ActiveCfg = Release|Any CPU
		{D0C731A0-6E78-4207-9ADD-1BF3719B5BBB}.Release|Any CPU.Build.0 = Release|Any CPU
		{D0C731A0-6E78-4207-9ADD-1BF3719B5BBB}.Release|x64.ActiveCfg = Release|Any CPU
		{D0C731A0-6E78-4207-9ADD-1BF3719B5BBB}.Release|x64.Build.0 = Release|Any CPU
		{D0C731A0-6E78-4207-9ADD-1BF3719B5BBB}.Release|x86.ActiveCfg = Release|Any CPU
		{D0C731A0-6E78-4207-9ADD-1BF3719B5BBB}.Release|x86.Build.0 = Release|Any CPU
		{08B2D5A0-3563-452B-9FC4-DEDFB4FBAAF0}.Debug|Any CPU.ActiveCfg = Debug|Any CPU
		{08B2D5A0-3563-452B-9FC4-DEDFB4FBAAF0}.Debug|Any CPU.Build.0 = Debug|Any CPU
		{08B2D5A0-3563-452B-9FC4-DEDFB4FBAAF0}.Debug|x64.ActiveCfg = Debug|Any CPU
		{08B2D5A0-3563-452B-9FC4-DEDFB4FBAAF0}.Debug|x64.Build.0 = Debug|Any CPU
		{08B2D5A0-3563-452B-9FC4-DEDFB4FBAAF0}.Debug|x86.ActiveCfg = Debug|Any CPU
		{08B2D5A0-3563-452B-9FC4-DEDFB4FBAAF0}.Debug|x86.Build.0 = Debug|Any CPU
		{08B2D5A0-3563-452B-9FC4-DEDFB4FBAAF0}.Release|Any CPU.ActiveCfg = Release|Any CPU
		{08B2D5A0-3563-452B-9FC4-DEDFB4FBAAF0}.Release|Any CPU.Build.0 = Release|Any CPU
		{08B2D5A0-3563-452B-9FC4-DEDFB4FBAAF0}.Release|x64.ActiveCfg = Release|Any CPU
		{08B2D5A0-3563-452B-9FC4-DEDFB4FBAAF0}.Release|x64.Build.0 = Release|Any CPU
		{08B2D5A0-3563-452B-9FC4-DEDFB4FBAAF0}.Release|x86.ActiveCfg = Release|Any CPU
		{08B2D5A0-3563-452B-9FC4-DEDFB4FBAAF0}.Release|x86.Build.0 = Release|Any CPU
		{2D24EC71-ED83-4023-AE22-33D315FFF334}.Debug|Any CPU.ActiveCfg = Debug|Any CPU
		{2D24EC71-ED83-4023-AE22-33D315FFF334}.Debug|Any CPU.Build.0 = Debug|Any CPU
		{2D24EC71-ED83-4023-AE22-33D315FFF334}.Debug|x64.ActiveCfg = Debug|Any CPU
		{2D24EC71-ED83-4023-AE22-33D315FFF334}.Debug|x64.Build.0 = Debug|Any CPU
		{2D24EC71-ED83-4023-AE22-33D315FFF334}.Debug|x86.ActiveCfg = Debug|Any CPU
		{2D24EC71-ED83-4023-AE22-33D315FFF334}.Debug|x86.Build.0 = Debug|Any CPU
		{2D24EC71-ED83-4023-AE22-33D315FFF334}.Release|Any CPU.ActiveCfg = Release|Any CPU
		{2D24EC71-ED83-4023-AE22-33D315FFF334}.Release|Any CPU.Build.0 = Release|Any CPU
		{2D24EC71-ED83-4023-AE22-33D315FFF334}.Release|x64.ActiveCfg = Release|Any CPU
		{2D24EC71-ED83-4023-AE22-33D315FFF334}.Release|x64.Build.0 = Release|Any CPU
		{2D24EC71-ED83-4023-AE22-33D315FFF334}.Release|x86.ActiveCfg = Release|Any CPU
		{2D24EC71-ED83-4023-AE22-33D315FFF334}.Release|x86.Build.0 = Release|Any CPU
		{533C8586-270F-47EE-BE8E-A6FB371BBE6B}.Debug|Any CPU.ActiveCfg = Debug|Any CPU
		{533C8586-270F-47EE-BE8E-A6FB371BBE6B}.Debug|Any CPU.Build.0 = Debug|Any CPU
		{533C8586-270F-47EE-BE8E-A6FB371BBE6B}.Debug|x64.ActiveCfg = Debug|Any CPU
		{533C8586-270F-47EE-BE8E-A6FB371BBE6B}.Debug|x64.Build.0 = Debug|Any CPU
		{533C8586-270F-47EE-BE8E-A6FB371BBE6B}.Debug|x86.ActiveCfg = Debug|Any CPU
		{533C8586-270F-47EE-BE8E-A6FB371BBE6B}.Debug|x86.Build.0 = Debug|Any CPU
		{533C8586-270F-47EE-BE8E-A6FB371BBE6B}.Release|Any CPU.ActiveCfg = Release|Any CPU
		{533C8586-270F-47EE-BE8E-A6FB371BBE6B}.Release|Any CPU.Build.0 = Release|Any CPU
		{533C8586-270F-47EE-BE8E-A6FB371BBE6B}.Release|x64.ActiveCfg = Release|Any CPU
		{533C8586-270F-47EE-BE8E-A6FB371BBE6B}.Release|x64.Build.0 = Release|Any CPU
		{533C8586-270F-47EE-BE8E-A6FB371BBE6B}.Release|x86.ActiveCfg = Release|Any CPU
		{533C8586-270F-47EE-BE8E-A6FB371BBE6B}.Release|x86.Build.0 = Release|Any CPU
	EndGlobalSection
	GlobalSection(SolutionProperties) = preSolution
		HideSolutionNode = FALSE
	EndGlobalSection
	GlobalSection(NestedProjects) = preSolution
		{CE14126F-F36C-43A8-A2CD-87C3C7E6E975} = {827E0CD3-B72D-47B6-A68D-7590B98EB39B}
		{DF5ACD47-0646-4A38-A841-DA1E28350B50} = {827E0CD3-B72D-47B6-A68D-7590B98EB39B}
		{708FFA09-B8D8-438E-A9C1-B8F2CD844D76} = {827E0CD3-B72D-47B6-A68D-7590B98EB39B}
		{D0C731A0-6E78-4207-9ADD-1BF3719B5BBB} = {827E0CD3-B72D-47B6-A68D-7590B98EB39B}
		{08B2D5A0-3563-452B-9FC4-DEDFB4FBAAF0} = {827E0CD3-B72D-47B6-A68D-7590B98EB39B}
		{2D24EC71-ED83-4023-AE22-33D315FFF334} = {827E0CD3-B72D-47B6-A68D-7590B98EB39B}
		{533C8586-270F-47EE-BE8E-A6FB371BBE6B} = {827E0CD3-B72D-47B6-A68D-7590B98EB39B}
	EndGlobalSection
EndGlobal
